{
  "name": "heavy_keggers",
  "version": "1.0.0",
  "lockfileVersion": 1,
  "requires": true,
  "dependencies": {
    "bindings": {
      "version": "1.3.0",
      "resolved": "https://registry.npmjs.org/bindings/-/bindings-1.3.0.tgz",
      "integrity": "sha512-DpLh5EzMR2kzvX1KIlVC0VkC3iZtHKTgdtZ0a3pglBZdaQFjt5S9g9xd1lE+YvXyfd6mtCeRnrUfOLYiTMlNSw=="
    },
    "hx711": {
      "version": "0.3.0",
      "resolved": "https://registry.npmjs.org/hx711/-/hx711-0.3.0.tgz",
      "integrity": "sha1-euiBM/vUd0TP6nd377sNC9VhajQ=",
      "requires": {
        "bindings": "1.3.0"
      }
    },
    "wiring-pi": {
      "version": "2.2.1",
      "resolved": "https://registry.npmjs.org/wiring-pi/-/wiring-pi-2.2.1.tgz",
      "integrity": "sha1-z5FzH9AQv8hZSIkGTE8Ok3To3dQ="
    }
  }
}
